// !$*UTF8*$!
{
	archiveVersion = 1;
	classes = {
	};
	objectVersion = 50;
	objects = {

/* Begin PBXBuildFile section */
		F17E571020DB8F40004196FE /* AppDelegate.swift in Sources */ = {isa = PBXBuildFile; fileRef = F17E570F20DB8F40004196FE /* AppDelegate.swift */; };
		F17E571220DB8F40004196FE /* ViewController.swift in Sources */ = {isa = PBXBuildFile; fileRef = F17E571120DB8F40004196FE /* ViewController.swift */; };
		F17E571520DB8F40004196FE /* Main.storyboard in Resources */ = {isa = PBXBuildFile; fileRef = F17E571320DB8F40004196FE /* Main.storyboard */; };
		F17E571720DB8F42004196FE /* Assets.xcassets in Resources */ = {isa = PBXBuildFile; fileRef = F17E571620DB8F42004196FE /* Assets.xcassets */; };
		F17E571A20DB8F42004196FE /* LaunchScreen.storyboard in Resources */ = {isa = PBXBuildFile; fileRef = F17E571820DB8F42004196FE /* LaunchScreen.storyboard */; };
		F17E572520DB8F42004196FE /* Calorie_AwarenessTests.swift in Sources */ = {isa = PBXBuildFile; fileRef = F17E572420DB8F42004196FE /* Calorie_AwarenessTests.swift */; };
		F17E573020DB8F42004196FE /* Calorie_AwarenessUITests.swift in Sources */ = {isa = PBXBuildFile; fileRef = F17E572F20DB8F42004196FE /* Calorie_AwarenessUITests.swift */; };
/* End PBXBuildFile section */

/* Begin PBXContainerItemProxy section */
		F17E572120DB8F42004196FE /* PBXContainerItemProxy */ = {
			isa = PBXContainerItemProxy;
			containerPortal = F17E570420DB8F3F004196FE /* Project object */;
			proxyType = 1;
			remoteGlobalIDString = F17E570B20DB8F40004196FE;
			remoteInfo = "Calorie-Awareness";
		};
		F17E572C20DB8F42004196FE /* PBXContainerItemProxy */ = {
			isa = PBXContainerItemProxy;
			containerPortal = F17E570420DB8F3F004196FE /* Project object */;
			proxyType = 1;
			remoteGlobalIDString = F17E570B20DB8F40004196FE;
			remoteInfo = "Calorie-Awareness";
		};
/* End PBXContainerItemProxy section */

/* Begin PBXFileReference section */
		F17E570C20DB8F40004196FE /* Calorie-Awareness.app */ = {isa = PBXFileReference; explicitFileType = wrapper.application; includeInIndex = 0; path = "Calorie-Awareness.app"; sourceTree = BUILT_PRODUCTS_DIR; };
		F17E570F20DB8F40004196FE /* AppDelegate.swift */ = {isa = PBXFileReference; lastKnownFileType = sourcecode.swift; path = AppDelegate.swift; sourceTree = "<group>"; };
		F17E571120DB8F40004196FE /* ViewController.swift */ = {isa = PBXFileReference; lastKnownFileType = sourcecode.swift; path = ViewController.swift; sourceTree = "<group>"; };
		F17E571420DB8F40004196FE /* Base */ = {isa = PBXFileReference; lastKnownFileType = file.storyboard; name = Base; path = Base.lproj/Main.storyboard; sourceTree = "<group>"; };
		F17E571620DB8F42004196FE /* Assets.xcassets */ = {isa = PBXFileReference; lastKnownFileType = folder.assetcatalog; path = Assets.xcassets; sourceTree = "<group>"; };
		F17E571920DB8F42004196FE /* Base */ = {isa = PBXFileReference; lastKnownFileType = file.storyboard; name = Base; path = Base.lproj/LaunchScreen.storyboard; sourceTree = "<group>"; };
		F17E571B20DB8F42004196FE /* Info.plist */ = {isa = PBXFileReference; lastKnownFileType = text.plist.xml; path = Info.plist; sourceTree = "<group>"; };
		F17E572020DB8F42004196FE /* Calorie-AwarenessTests.xctest */ = {isa = PBXFileReference; explicitFileType = wrapper.cfbundle; includeInIndex = 0; path = "Calorie-AwarenessTests.xctest"; sourceTree = BUILT_PRODUCTS_DIR; };
		F17E572420DB8F42004196FE /* Calorie_AwarenessTests.swift */ = {isa = PBXFileReference; lastKnownFileType = sourcecode.swift; path = Calorie_AwarenessTests.swift; sourceTree = "<group>"; };
		F17E572620DB8F42004196FE /* Info.plist */ = {isa = PBXFileReference; lastKnownFileType = text.plist.xml; path = Info.plist; sourceTree = "<group>"; };
		F17E572B20DB8F42004196FE /* Calorie-AwarenessUITests.xctest */ = {isa = PBXFileReference; explicitFileType = wrapper.cfbundle; includeInIndex = 0; path = "Calorie-AwarenessUITests.xctest"; sourceTree = BUILT_PRODUCTS_DIR; };
		F17E572F20DB8F42004196FE /* Calorie_AwarenessUITests.swift */ = {isa = PBXFileReference; lastKnownFileType = sourcecode.swift; path = Calorie_AwarenessUITests.swift; sourceTree = "<group>"; };
		F17E573120DB8F42004196FE /* Info.plist */ = {isa = PBXFileReference; lastKnownFileType = text.plist.xml; path = Info.plist; sourceTree = "<group>"; };
/* End PBXFileReference section */

/* Begin PBXFrameworksBuildPhase section */
		F17E570920DB8F40004196FE /* Frameworks */ = {
			isa = PBXFrameworksBuildPhase;
			buildActionMask = 2147483647;
			files = (
			);
			runOnlyForDeploymentPostprocessing = 0;
		};
		F17E571D20DB8F42004196FE /* Frameworks */ = {
			isa = PBXFrameworksBuildPhase;
			buildActionMask = 2147483647;
			files = (
			);
			runOnlyForDeploymentPostprocessing = 0;
		};
		F17E572820DB8F42004196FE /* Frameworks */ = {
			isa = PBXFrameworksBuildPhase;
			buildActionMask = 2147483647;
			files = (
			);
			runOnlyForDeploymentPostprocessing = 0;
		};
/* End PBXFrameworksBuildPhase section */

/* Begin PBXGroup section */
		F17E570320DB8F3F004196FE = {
			isa = PBXGroup;
			children = (
				F17E570E20DB8F40004196FE /* Calorie-Awareness */,
				F17E572320DB8F42004196FE /* Calorie-AwarenessTests */,
				F17E572E20DB8F42004196FE /* Calorie-AwarenessUITests */,
				F17E570D20DB8F40004196FE /* Products */,
			);
			sourceTree = "<group>";
		};
		F17E570D20DB8F40004196FE /* Products */ = {
			isa = PBXGroup;
			children = (
				F17E570C20DB8F40004196FE /* Calorie-Awareness.app */,
				F17E572020DB8F42004196FE /* Calorie-AwarenessTests.xctest */,
				F17E572B20DB8F42004196FE /* Calorie-AwarenessUITests.xctest */,
			);
			name = Products;
			sourceTree = "<group>";
		};
		F17E570E20DB8F40004196FE /* Calorie-Awareness */ = {
			isa = PBXGroup;
			children = (
				F17E570F20DB8F40004196FE /* AppDelegate.swift */,
				F17E571120DB8F40004196FE /* ViewController.swift */,
				F17E571320DB8F40004196FE /* Main.storyboard */,
				F17E571620DB8F42004196FE /* Assets.xcassets */,
				F17E571820DB8F42004196FE /* LaunchScreen.storyboard */,
				F17E571B20DB8F42004196FE /* Info.plist */,
			);
			path = "Calorie-Awareness";
			sourceTree = "<group>";
		};
		F17E572320DB8F42004196FE /* Calorie-AwarenessTests */ = {
			isa = PBXGroup;
			children = (
				F17E572420DB8F42004196FE /* Calorie_AwarenessTests.swift */,
				F17E572620DB8F42004196FE /* Info.plist */,
			);
			path = "Calorie-AwarenessTests";
			sourceTree = "<group>";
		};
		F17E572E20DB8F42004196FE /* Calorie-AwarenessUITests */ = {
			isa = PBXGroup;
			children = (
				F17E572F20DB8F42004196FE /* Calorie_AwarenessUITests.swift */,
				F17E573120DB8F42004196FE /* Info.plist */,
			);
			path = "Calorie-AwarenessUITests";
			sourceTree = "<group>";
		};
/* End PBXGroup section */

/* Begin PBXNativeTarget section */
		F17E570B20DB8F40004196FE /* Calorie-Awareness */ = {
			isa = PBXNativeTarget;
			buildConfigurationList = F17E573420DB8F42004196FE /* Build configuration list for PBXNativeTarget "Calorie-Awareness" */;
			buildPhases = (
				F17E570820DB8F40004196FE /* Sources */,
				F17E570920DB8F40004196FE /* Frameworks */,
				F17E570A20DB8F40004196FE /* Resources */,
			);
			buildRules = (
			);
			dependencies = (
			);
			name = "Calorie-Awareness";
			productName = "Calorie-Awareness";
			productReference = F17E570C20DB8F40004196FE /* Calorie-Awareness.app */;
			productType = "com.apple.product-type.application";
		};
		F17E571F20DB8F42004196FE /* Calorie-AwarenessTests */ = {
			isa = PBXNativeTarget;
			buildConfigurationList = F17E573720DB8F42004196FE /* Build configuration list for PBXNativeTarget "Calorie-AwarenessTests" */;
			buildPhases = (
				F17E571C20DB8F42004196FE /* Sources */,
				F17E571D20DB8F42004196FE /* Frameworks */,
				F17E571E20DB8F42004196FE /* Resources */,
			);
			buildRules = (
			);
			dependencies = (
				F17E572220DB8F42004196FE /* PBXTargetDependency */,
			);
			name = "Calorie-AwarenessTests";
			productName = "Calorie-AwarenessTests";
			productReference = F17E572020DB8F42004196FE /* Calorie-AwarenessTests.xctest */;
			productType = "com.apple.product-type.bundle.unit-test";
		};
		F17E572A20DB8F42004196FE /* Calorie-AwarenessUITests */ = {
			isa = PBXNativeTarget;
			buildConfigurationList = F17E573A20DB8F42004196FE /* Build configuration list for PBXNativeTarget "Calorie-AwarenessUITests" */;
			buildPhases = (
				F17E572720DB8F42004196FE /* Sources */,
				F17E572820DB8F42004196FE /* Frameworks */,
				F17E572920DB8F42004196FE /* Resources */,
			);
			buildRules = (
			);
			dependencies = (
				F17E572D20DB8F42004196FE /* PBXTargetDependency */,
			);
			name = "Calorie-AwarenessUITests";
			productName = "Calorie-AwarenessUITests";
			productReference = F17E572B20DB8F42004196FE /* Calorie-AwarenessUITests.xctest */;
			productType = "com.apple.product-type.bundle.ui-testing";
		};
/* End PBXNativeTarget section */

/* Begin PBXProject section */
		F17E570420DB8F3F004196FE /* Project object */ = {
			isa = PBXProject;
			attributes = {
				LastSwiftUpdateCheck = 0940;
				LastUpgradeCheck = 0940;
				ORGANIZATIONNAME = BrianSy;
				TargetAttributes = {
					F17E570B20DB8F40004196FE = {
						CreatedOnToolsVersion = 9.4;
					};
					F17E571F20DB8F42004196FE = {
						CreatedOnToolsVersion = 9.4;
						TestTargetID = F17E570B20DB8F40004196FE;
					};
					F17E572A20DB8F42004196FE = {
						CreatedOnToolsVersion = 9.4;
						TestTargetID = F17E570B20DB8F40004196FE;
					};
				};
			};
			buildConfigurationList = F17E570720DB8F3F004196FE /* Build configuration list for PBXProject "Calorie-Awareness" */;
			compatibilityVersion = "Xcode 9.3";
			developmentRegion = en;
			hasScannedForEncodings = 0;
			knownRegions = (
				en,
				Base,
			);
			mainGroup = F17E570320DB8F3F004196FE;
			productRefGroup = F17E570D20DB8F40004196FE /* Products */;
			projectDirPath = "";
			projectRoot = "";
			targets = (
				F17E570B20DB8F40004196FE /* Calorie-Awareness */,
				F17E571F20DB8F42004196FE /* Calorie-AwarenessTests */,
				F17E572A20DB8F42004196FE /* Calorie-AwarenessUITests */,
			);
		};
/* End PBXProject section */

/* Begin PBXResourcesBuildPhase section */
		F17E570A20DB8F40004196FE /* Resources */ = {
			isa = PBXResourcesBuildPhase;
			buildActionMask = 2147483647;
			files = (
				F17E571A20DB8F42004196FE /* LaunchScreen.storyboard in Resources */,
				F17E571720DB8F42004196FE /* Assets.xcassets in Resources */,
				F17E571520DB8F40004196FE /* Main.storyboard in Resources */,
			);
			runOnlyForDeploymentPostprocessing = 0;
		};
		F17E571E20DB8F42004196FE /* Resources */ = {
			isa = PBXResourcesBuildPhase;
			buildActionMask = 2147483647;
			files = (
			);
			runOnlyForDeploymentPostprocessing = 0;
		};
		F17E572920DB8F42004196FE /* Resources */ = {
			isa = PBXResourcesBuildPhase;
			buildActionMask = 2147483647;
			files = (
			);
			runOnlyForDeploymentPostprocessing = 0;
		};
/* End PBXResourcesBuildPhase section */

/* Begin PBXSourcesBuildPhase section */
		F17E570820DB8F40004196FE /* Sources */ = {
			isa = PBXSourcesBuildPhase;
			buildActionMask = 2147483647;
			files = (
				F17E571220DB8F40004196FE /* ViewController.swift in Sources */,
				F17E571020DB8F40004196FE /* AppDelegate.swift in Sources */,
			);
			runOnlyForDeploymentPostprocessing = 0;
		};
		F17E571C20DB8F42004196FE /* Sources */ = {
			isa = PBXSourcesBuildPhase;
			buildActionMask = 2147483647;
			files = (
				F17E572520DB8F42004196FE /* Calorie_AwarenessTests.swift in Sources */,
			);
			runOnlyForDeploymentPostprocessing = 0;
		};
		F17E572720DB8F42004196FE /* Sources */ = {
			isa = PBXSourcesBuildPhase;
			buildActionMask = 2147483647;
			files = (
				F17E573020DB8F42004196FE /* Calorie_AwarenessUITests.swift in Sources */,
			);
			runOnlyForDeploymentPostprocessing = 0;
		};
/* End PBXSourcesBuildPhase section */

/* Begin PBXTargetDependency section */
		F17E572220DB8F42004196FE /* PBXTargetDependency */ = {
			isa = PBXTargetDependency;
			target = F17E570B20DB8F40004196FE /* Calorie-Awareness */;
			targetProxy = F17E572120DB8F42004196FE /* PBXContainerItemProxy */;
		};
		F17E572D20DB8F42004196FE /* PBXTargetDependency */ = {
			isa = PBXTargetDependency;
			target = F17E570B20DB8F40004196FE /* Calorie-Awareness */;
			targetProxy = F17E572C20DB8F42004196FE /* PBXContainerItemProxy */;
		};
/* End PBXTargetDependency section */

/* Begin PBXVariantGroup section */
		F17E571320DB8F40004196FE /* Main.storyboard */ = {
			isa = PBXVariantGroup;
			children = (
				F17E571420DB8F40004196FE /* Base */,
			);
			name = Main.storyboard;
			sourceTree = "<group>";
		};
		F17E571820DB8F42004196FE /* LaunchScreen.storyboard */ = {
			isa = PBXVariantGroup;
			children = (
				F17E571920DB8F42004196FE /* Base */,
			);
			name = LaunchScreen.storyboard;
			sourceTree = "<group>";
		};
/* End PBXVariantGroup section */

/* Begin XCBuildConfiguration section */
		F17E573220DB8F42004196FE /* Debug */ = {
			isa = XCBuildConfiguration;
			buildSettings = {
				ALWAYS_SEARCH_USER_PATHS = NO;
				CLANG_ANALYZER_NONNULL = YES;
				CLANG_ANALYZER_NUMBER_OBJECT_CONVERSION = YES_AGGRESSIVE;
				CLANG_CXX_LANGUAGE_STANDARD = "gnu++14";
				CLANG_CXX_LIBRARY = "libc++";
				CLANG_ENABLE_MODULES = YES;
				CLANG_ENABLE_OBJC_ARC = YES;
				CLANG_ENABLE_OBJC_WEAK = YES;
				CLANG_WARN_BLOCK_CAPTURE_AUTORELEASING = YES;
				CLANG_WARN_BOOL_CONVERSION = YES;
				CLANG_WARN_COMMA = YES;
				CLANG_WARN_CONSTANT_CONVERSION = YES;
				CLANG_WARN_DEPRECATED_OBJC_IMPLEMENTATIONS = YES;
				CLANG_WARN_DIRECT_OBJC_ISA_USAGE = YES_ERROR;
				CLANG_WARN_DOCUMENTATION_COMMENTS = YES;
				CLANG_WARN_EMPTY_BODY = YES;
				CLANG_WARN_ENUM_CONVERSION = YES;
				CLANG_WARN_INFINITE_RECURSION = YES;
				CLANG_WARN_INT_CONVERSION = YES;
				CLANG_WARN_NON_LITERAL_NULL_CONVERSION = YES;
				CLANG_WARN_OBJC_IMPLICIT_RETAIN_SELF = YES;
				CLANG_WARN_OBJC_LITERAL_CONVERSION = YES;
				CLANG_WARN_OBJC_ROOT_CLASS = YES_ERROR;
				CLANG_WARN_RANGE_LOOP_ANALYSIS = YES;
				CLANG_WARN_STRICT_PROTOTYPES = YES;
				CLANG_WARN_SUSPICIOUS_MOVE = YES;
				CLANG_WARN_UNGUARDED_AVAILABILITY = YES_AGGRESSIVE;
				CLANG_WARN_UNREACHABLE_CODE = YES;
				CLANG_WARN__DUPLICATE_METHOD_MATCH = YES;
				CODE_SIGN_IDENTITY = "iPhone Developer";
				COPY_PHASE_STRIP = NO;
				DEBUG_INFORMATION_FORMAT = dwarf;
				ENABLE_STRICT_OBJC_MSGSEND = YES;
				ENABLE_TESTABILITY = YES;
				GCC_C_LANGUAGE_STANDARD = gnu11;
				GCC_DYNAMIC_NO_PIC = NO;
				GCC_NO_COMMON_BLOCKS = YES;
				GCC_OPTIMIZATION_LEVEL = 0;
				GCC_PREPROCESSOR_DEFINITIONS = (
					"DEBUG=1",
					"$(inherited)",
				);
				GCC_WARN_64_TO_32_BIT_CONVERSION = YES;
				GCC_WARN_ABOUT_RETURN_TYPE = YES_ERROR;
				GCC_WARN_UNDECLARED_SELECTOR = YES;
				GCC_WARN_UNINITIALIZED_AUTOS = YES_AGGRESSIVE;
				GCC_WARN_UNUSED_FUNCTION = YES;
				GCC_WARN_UNUSED_VARIABLE = YES;
				IPHONEOS_DEPLOYMENT_TARGET = 11.4;
				MTL_ENABLE_DEBUG_INFO = YES;
				ONLY_ACTIVE_ARCH = YES;
				SDKROOT = iphoneos;
				SWIFT_ACTIVE_COMPILATION_CONDITIONS = DEBUG;
				SWIFT_OPTIMIZATION_LEVEL = "-Onone";
			};
			name = Debug;
		};
		F17E573320DB8F42004196FE /* Release */ = {
			isa = XCBuildConfiguration;
			buildSettings = {
				ALWAYS_SEARCH_USER_PATHS = NO;
				CLANG_ANALYZER_NONNULL = YES;
				CLANG_ANALYZER_NUMBER_OBJECT_CONVERSION = YES_AGGRESSIVE;
				CLANG_CXX_LANGUAGE_STANDARD = "gnu++14";
				CLANG_CXX_LIBRARY = "libc++";
				CLANG_ENABLE_MODULES = YES;
				CLANG_ENABLE_OBJC_ARC = YES;
				CLANG_ENABLE_OBJC_WEAK = YES;
				CLANG_WARN_BLOCK_CAPTURE_AUTORELEASING = YES;
				CLANG_WARN_BOOL_CONVERSION = YES;
				CLANG_WARN_COMMA = YES;
				CLANG_WARN_CONSTANT_CONVERSION = YES;
				CLANG_WARN_DEPRECATED_OBJC_IMPLEMENTATIONS = YES;
				CLANG_WARN_DIRECT_OBJC_ISA_USAGE = YES_ERROR;
				CLANG_WARN_DOCUMENTATION_COMMENTS = YES;
				CLANG_WARN_EMPTY_BODY = YES;
				CLANG_WARN_ENUM_CONVERSION = YES;
				CLANG_WARN_INFINITE_RECURSION = YES;
				CLANG_WARN_INT_CONVERSION = YES;
				CLANG_WARN_NON_LITERAL_NULL_CONVERSION = YES;
				CLANG_WARN_OBJC_IMPLICIT_RETAIN_SELF = YES;
				CLANG_WARN_OBJC_LITERAL_CONVERSION = YES;
				CLANG_WARN_OBJC_ROOT_CLASS = YES_ERROR;
				CLANG_WARN_RANGE_LOOP_ANALYSIS = YES;
				CLANG_WARN_STRICT_PROTOTYPES = YES;
				CLANG_WARN_SUSPICIOUS_MOVE = YES;
				CLANG_WARN_UNGUARDED_AVAILABILITY = YES_AGGRESSIVE;
				CLANG_WARN_UNREACHABLE_CODE = YES;
				CLANG_WARN__DUPLICATE_METHOD_MATCH = YES;
				CODE_SIGN_IDENTITY = "iPhone Developer";
				COPY_PHASE_STRIP = NO;
				DEBUG_INFORMATION_FORMAT = "dwarf-with-dsym";
				ENABLE_NS_ASSERTIONS = NO;
				ENABLE_STRICT_OBJC_MSGSEND = YES;
				GCC_C_LANGUAGE_STANDARD = gnu11;
				GCC_NO_COMMON_BLOCKS = YES;
				GCC_WARN_64_TO_32_BIT_CONVERSION = YES;
				GCC_WARN_ABOUT_RETURN_TYPE = YES_ERROR;
				GCC_WARN_UNDECLARED_SELECTOR = YES;
				GCC_WARN_UNINITIALIZED_AUTOS = YES_AGGRESSIVE;
				GCC_WARN_UNUSED_FUNCTION = YES;
				GCC_WARN_UNUSED_VARIABLE = YES;
				IPHONEOS_DEPLOYMENT_TARGET = 11.4;
				MTL_ENABLE_DEBUG_INFO = NO;
				SDKROOT = iphoneos;
				SWIFT_COMPILATION_MODE = wholemodule;
				SWIFT_OPTIMIZATION_LEVEL = "-O";
				VALIDATE_PRODUCT = YES;
			};
			name = Release;
		};
		F17E573520DB8F42004196FE /* Debug */ = {
			isa = XCBuildConfiguration;
			buildSettings = {
				ASSETCATALOG_COMPILER_APPICON_NAME = AppIcon;
				CODE_SIGN_STYLE = Automatic;
				DEVELOPMENT_TEAM = M2WBN5N4H9;
				INFOPLIST_FILE = "Calorie-Awareness/Info.plist";
				LD_RUNPATH_SEARCH_PATHS = (
					"$(inherited)",
					"@executable_path/Frameworks",
				);
				PRODUCT_BUNDLE_IDENTIFIER = "com.BrianSy.Calorie-Awareness";
				PRODUCT_NAME = "$(TARGET_NAME)";
				SWIFT_VERSION = 4.0;
				TARGETED_DEVICE_FAMILY = "1,2";
			};
			name = Debug;
		};
		F17E573620DB8F42004196FE /* Release */ = {
			isa = XCBuildConfiguration;
			buildSettings = {
				ASSETCATALOG_COMPILER_APPICON_NAME = AppIcon;
				CODE_SIGN_STYLE = Automatic;
				DEVELOPMENT_TEAM = M2WBN5N4H9;
				INFOPLIST_FILE = "Calorie-Awareness/Info.plist";
				LD_RUNPATH_SEARCH_PATHS = (
					"$(inherited)",
					"@executable_path/Frameworks",
				);
				PRODUCT_BUNDLE_IDENTIFIER = "com.BrianSy.Calorie-Awareness";
				PRODUCT_NAME = "$(TARGET_NAME)";
				SWIFT_VERSION = 4.0;
				TARGETED_DEVICE_FAMILY = "1,2";
			};
			name = Release;
		};
		F17E573820DB8F42004196FE /* Debug */ = {
			isa = XCBuildConfiguration;
			buildSettings = {
				ALWAYS_EMBED_SWIFT_STANDARD_LIBRARIES = YES;
				BUNDLE_LOADER = "$(TEST_HOST)";
				CODE_SIGN_STYLE = Automatic;
				INFOPLIST_FILE = "Calorie-AwarenessTests/Info.plist";
				LD_RUNPATH_SEARCH_PATHS = (
					"$(inherited)",
					"@executable_path/Frameworks",
					"@loader_path/Frameworks",
				);
				PRODUCT_BUNDLE_IDENTIFIER = "com.BrianSy.Calorie-AwarenessTests";
				PRODUCT_NAME = "$(TARGET_NAME)";
				SWIFT_VERSION = 4.0;
				TARGETED_DEVICE_FAMILY = "1,2";
				TEST_HOST = "$(BUILT_PRODUCTS_DIR)/Calorie-Awareness.app/Calorie-Awareness";
			};
			name = Debug;
		};
		F17E573920DB8F42004196FE /* Release */ = {
			isa = XCBuildConfiguration;
			buildSettings = {
				ALWAYS_EMBED_SWIFT_STANDARD_LIBRARIES = YES;
				BUNDLE_LOADER = "$(TEST_HOST)";
				CODE_SIGN_STYLE = Automatic;
				INFOPLIST_FILE = "Calorie-AwarenessTests/Info.plist";
				LD_RUNPATH_SEARCH_PATHS = (
					"$(inherited)",
					"@executable_path/Frameworks",
					"@loader_path/Frameworks",
				);
				PRODUCT_BUNDLE_IDENTIFIER = "com.BrianSy.Calorie-AwarenessTests";
				PRODUCT_NAME = "$(TARGET_NAME)";
				SWIFT_VERSION = 4.0;
				TARGETED_DEVICE_FAMILY = "1,2";
				TEST_HOST = "$(BUILT_PRODUCTS_DIR)/Calorie-Awareness.app/Calorie-Awareness";
			};
			name = Release;
		};
		F17E573B20DB8F42004196FE /* Debug */ = {
			isa = XCBuildConfiguration;
			buildSettings = {
				ALWAYS_EMBED_SWIFT_STANDARD_LIBRARIES = YES;
				CODE_SIGN_STYLE = Automatic;
				INFOPLIST_FILE = "Calorie-AwarenessUITests/Info.plist";
				LD_RUNPATH_SEARCH_PATHS = (
					"$(inherited)",
					"@executable_path/Frameworks",
					"@loader_path/Frameworks",
				);
				PRODUCT_BUNDLE_IDENTIFIER = "com.BrianSy.Calorie-AwarenessUITests";
				PRODUCT_NAME = "$(TARGET_NAME)";
				SWIFT_VERSION = 4.0;
				TARGETED_DEVICE_FAMILY = "1,2";
				TEST_TARGET_NAME = "Calorie-Awareness";
			};
			name = Debug;
		};
		F17E573C20DB8F42004196FE /* Release */ = {
			isa = XCBuildConfiguration;
			buildSettings = {
				ALWAYS_EMBED_SWIFT_STANDARD_LIBRARIES = YES;
				CODE_SIGN_STYLE = Automatic;
				INFOPLIST_FILE = "Calorie-AwarenessUITests/Info.plist";
				LD_RUNPATH_SEARCH_PATHS = (
					"$(inherited)",
					"@executable_path/Frameworks",
					"@loader_path/Frameworks",
				);
				PRODUCT_BUNDLE_IDENTIFIER = "com.BrianSy.Calorie-AwarenessUITests";
				PRODUCT_NAME = "$(TARGET_NAME)";
				SWIFT_VERSION = 4.0;
				TARGETED_DEVICE_FAMILY = "1,2";
				TEST_TARGET_NAME = "Calorie-Awareness";
			};
			name = Release;
		};
/* End XCBuildConfiguration section */

/* Begin XCConfigurationList section */
		F17E570720DB8F3F004196FE /* Build configuration list for PBXProject "Calorie-Awareness" */ = {
			isa = XCConfigurationList;
			buildConfigurations = (
				F17E573220DB8F42004196FE /* Debug */,
				F17E573320DB8F42004196FE /* Release */,
			);
			defaultConfigurationIsVisible = 0;
			defaultConfigurationName = Release;
		};
		F17E573420DB8F42004196FE /* Build configuration list for PBXNativeTarget "Calorie-Awareness" */ = {
			isa = XCConfigurationList;
			buildConfigurations = (
				F17E573520DB8F42004196FE /* Debug */,
				F17E573620DB8F42004196FE /* Release */,
			);
			defaultConfigurationIsVisible = 0;
			defaultConfigurationName = Release;
		};
		F17E573720DB8F42004196FE /* Build configuration list for PBXNativeTarget "Calorie-AwarenessTests" */ = {
			isa = XCConfigurationList;
			buildConfigurations = (
				F17E573820DB8F42004196FE /* Debug */,
				F17E573920DB8F42004196FE /* Release */,
			);
			defaultConfigurationIsVisible = 0;
			defaultConfigurationName = Release;
		};
		F17E573A20DB8F42004196FE /* Build configuration list for PBXNativeTarget "Calorie-AwarenessUITests" */ = {
			isa = XCConfigurationList;
			buildConfigurations = (
				F17E573B20DB8F42004196FE /* Debug */,
				F17E573C20DB8F42004196FE /* Release */,
			);
			defaultConfigurationIsVisible = 0;
			defaultConfigurationName = Release;
		};
/* End XCConfigurationList section */
	};
	rootObject = F17E570420DB8F3F004196FE /* Project object */;
}
